
Microsoft Visual Studio Solution File, Format Version 12.00
# Visual Studio Version 16
VisualStudioVersion = 16.0.29009.5
MinimumVisualStudioVersion = 10.0.40219.1
Project("{9A19103F-16F7-4668-BE54-9A1E7A4F7556}") = "ARDemo.Core", "ARDemo.Core\ARDemo.Core.csproj", "{8888FC51-FA6C-4183-B2F6-81E28B486AF9}"
EndProject
Project("{FAE04EC0-301F-11D3-BF4B-00C04F79EFBC}") = "ARDemo.Droid", "ARDemo.Droid\ARDemo.Droid.csproj", "{9DD489E5-6150-404E-B0EF-F7FAADF43FB5}"
EndProject
Project("{FAE04EC0-301F-11D3-BF4B-00C04F79EFBC}") = "ARDemo.iOS", "ARDemo.iOS\ARDemo.iOS.csproj", "{80A96B52-6758-4BDB-B0B4-CEA4CA155C60}"
EndProject
Global
	GlobalSection(SolutionConfigurationPlatforms) = preSolution
		Debug|Any CPU = Debug|Any CPU
		Debug|iPhone = Debug|iPhone
		Debug|iPhoneSimulator = Debug|iPhoneSimulator
		Release|Any CPU = Release|Any CPU
		Release|iPhone = Release|iPhone
		Release|iPhoneSimulator = Release|iPhoneSimulator
	EndGlobalSection
	GlobalSection(ProjectConfigurationPlatforms) = postSolution
		{8888FC51-FA6C-4183-B2F6-81E28B486AF9}.Debug|Any CPU.ActiveCfg = Debug|Any CPU
		{8888FC51-FA6C-4183-B2F6-81E28B486AF9}.Debug|Any CPU.Build.0 = Debug|Any CPU
		{8888FC51-FA6C-4183-B2F6-81E28B486AF9}.Debug|iPhone.ActiveCfg = Debug|Any CPU
		{8888FC51-FA6C-4183-B2F6-81E28B486AF9}.Debug|iPhone.Build.0 = Debug|Any CPU
		{8888FC51-FA6C-4183-B2F6-81E28B486AF9}.Debug|iPhoneSimulator.ActiveCfg = Debug|Any CPU
		{8888FC51-FA6C-4183-B2F6-81E28B486AF9}.Debug|iPhoneSimulator.Build.0 = Debug|Any CPU
		{8888FC51-FA6C-4183-B2F6-81E28B486AF9}.Release|Any CPU.ActiveCfg = Release|Any CPU
		{8888FC51-FA6C-4183-B2F6-81E28B486AF9}.Release|Any CPU.Build.0 = Release|Any CPU
		{8888FC51-FA6C-4183-B2F6-81E28B486AF9}.Release|iPhone.ActiveCfg = Release|Any CPU
		{8888FC51-FA6C-4183-B2F6-81E28B486AF9}.Release|iPhone.Build.0 = Release|Any CPU
		{8888FC51-FA6C-4183-B2F6-81E28B486AF9}.Release|iPhoneSimulator.ActiveCfg = Release|Any CPU
		{8888FC51-FA6C-4183-B2F6-81E28B486AF9}.Release|iPhoneSimulator.Build.0 = Release|Any CPU
		{9DD489E5-6150-404E-B0EF-F7FAADF43FB5}.Debug|Any CPU.ActiveCfg = Debug|Any CPU
		{9DD489E5-6150-404E-B0EF-F7FAADF43FB5}.Debug|Any CPU.Build.0 = Debug|Any CPU
		{9DD489E5-6150-404E-B0EF-F7FAADF43FB5}.Debug|Any CPU.Deploy.0 = Debug|Any CPU
		{9DD489E5-6150-404E-B0EF-F7FAADF43FB5}.Debug|iPhone.ActiveCfg = Debug|Any CPU
		{9DD489E5-6150-404E-B0EF-F7FAADF43FB5}.Debug|iPhone.Build.0 = Debug|Any CPU
		{9DD489E5-6150-404E-B0EF-F7FAADF43FB5}.Debug|iPhone.Deploy.0 = Debug|Any CPU
		{9DD489E5-6150-404E-B0EF-F7FAADF43FB5}.Debug|iPhoneSimulator.ActiveCfg = Debug|Any CPU
		{9DD489E5-6150-404E-B0EF-F7FAADF43FB5}.Debug|iPhoneSimulator.Build.0 = Debug|Any CPU
		{9DD489E5-6150-404E-B0EF-F7FAADF43FB5}.Debug|iPhoneSimulator.Deploy.0 = Debug|Any CPU
		{9DD489E5-6150-404E-B0EF-F7FAADF43FB5}.Release|Any CPU.ActiveCfg = Release|Any CPU
		{9DD489E5-6150-404E-B0EF-F7FAADF43FB5}.Release|Any CPU.Build.0 = Release|Any CPU
		{9DD489E5-6150-404E-B0EF-F7FAADF43FB5}.Release|Any CPU.Deploy.0 = Release|Any CPU
		{9DD489E5-6150-404E-B0EF-F7FAADF43FB5}.Release|iPhone.ActiveCfg = Release|Any CPU
		{9DD489E5-6150-404E-B0EF-F7FAADF43FB5}.Release|iPhone.Build.0 = Release|Any CPU
		{9DD489E5-6150-404E-B0EF-F7FAADF43FB5}.Release|iPhone.Deploy.0 = Release|Any CPU
		{9DD489E5-6150-404E-B0EF-F7FAADF43FB5}.Release|iPhoneSimulator.ActiveCfg = Release|Any CPU
		{9DD489E5-6150-404E-B0EF-F7FAADF43FB5}.Release|iPhoneSimulator.Build.0 = Release|Any CPU
		{9DD489E5-6150-404E-B0EF-F7FAADF43FB5}.Release|iPhoneSimulator.Deploy.0 = Release|Any CPU
		{80A96B52-6758-4BDB-B0B4-CEA4CA155C60}.Debug|Any CPU.ActiveCfg = Debug|iPhone
		{80A96B52-6758-4BDB-B0B4-CEA4CA155C60}.Debug|iPhone.ActiveCfg = Debug|iPhone
		{80A96B52-6758-4BDB-B0B4-CEA4CA155C60}.Debug|iPhone.Build.0 = Debug|iPhone
		{80A96B52-6758-4BDB-B0B4-CEA4CA155C60}.Debug|iPhoneSimulator.ActiveCfg = Debug|iPhoneSimulator
		{80A96B52-6758-4BDB-B0B4-CEA4CA155C60}.Debug|iPhoneSimulator.Build.0 = Debug|iPhoneSimulator
		{80A96B52-6758-4BDB-B0B4-CEA4CA155C60}.Release|Any CPU.ActiveCfg = Release|iPhone
		{80A96B52-6758-4BDB-B0B4-CEA4CA155C60}.Release|iPhone.ActiveCfg = Release|iPhone
		{80A96B52-6758-4BDB-B0B4-CEA4CA155C60}.Release|iPhone.Build.0 = Release|iPhone
		{80A96B52-6758-4BDB-B0B4-CEA4CA155C60}.Release|iPhoneSimulator.ActiveCfg = Release|iPhoneSimulator
		{80A96B52-6758-4BDB-B0B4-CEA4CA155C60}.Release|iPhoneSimulator.Build.0 = Release|iPhoneSimulator
	EndGlobalSection
	GlobalSection(SolutionProperties) = preSolution
		HideSolutionNode = FALSE
	EndGlobalSection
	GlobalSection(ExtensibilityGlobals) = postSolution
		SolutionGuid = {CF1B8D15-55FC-4F6A-A2A7-A5E71C157A65}
	EndGlobalSection
EndGlobal
